
Microsoft Visual Studio Solution File, Format Version 12.00
# Visual Studio Version 16
VisualStudioVersion = 16.0.30517.126
MinimumVisualStudioVersion = 10.0.40219.1
Project("{9A19103F-16F7-4668-BE54-9A1E7A4F7556}") = "ChessTesting", "ChessTesting.csproj", "{9B0FB7C5-EAB2-4FFA-998C-3A883F56FAE6}"
EndProject
Project("{2150E333-8FDC-42A3-9474-1A3956D46DE8}") = "Solution Items", "Solution Items", "{9A1CC29B-448F-4905-A116-17BC77FAE4B4}"
	ProjectSection(SolutionItems) = preProject
		BlackBishop.png = BlackBishop.png
		BlackKing.png = BlackKing.png
		BlackKnight.png = BlackKnight.png
		BlackPawn.png = BlackPawn.png
		BlackQueen.png = BlackQueen.png
		BlackRook.png = BlackRook.png
		WhiteBishop.png = WhiteBishop.png
		WhiteKing.png = WhiteKing.png
		WhiteKnight.png = WhiteKnight.png
		WhitePawn.png = WhitePawn.png
		WhiteQueen.png = WhiteQueen.png
		WhiteRook.png = WhiteRook.png
	EndProjectSection
EndProject
Global
	GlobalSection(SolutionConfigurationPlatforms) = preSolution
		Debug|Any CPU = Debug|Any CPU
		Release|Any CPU = Release|Any CPU
	EndGlobalSection
	GlobalSection(ProjectConfigurationPlatforms) = postSolution
		{9B0FB7C5-EAB2-4FFA-998C-3A883F56FAE6}.Debug|Any CPU.ActiveCfg = Debug|Any CPU
		{9B0FB7C5-EAB2-4FFA-998C-3A883F56FAE6}.Debug|Any CPU.Build.0 = Debug|Any CPU
		{9B0FB7C5-EAB2-4FFA-998C-3A883F56FAE6}.Release|Any CPU.ActiveCfg = Release|Any CPU
		{9B0FB7C5-EAB2-4FFA-998C-3A883F56FAE6}.Release|Any CPU.Build.0 = Release|Any CPU
	EndGlobalSection
	GlobalSection(SolutionProperties) = preSolution
		HideSolutionNode = FALSE
	EndGlobalSection
	GlobalSection(ExtensibilityGlobals) = postSolution
		SolutionGuid = {D981AC80-FD8F-4FD0-AD34-976EB46834B5}
	EndGlobalSection
EndGlobal
