
Microsoft Visual Studio Solution File, Format Version 12.00
# Visual Studio Version 16
VisualStudioVersion = 16.0.30611.23
MinimumVisualStudioVersion = 10.0.40219.1
Project("{FAE04EC0-301F-11D3-BF4B-00C04F79EFBC}") = "CHESSTESTINGBABY", "CHESSTESTINGBABY\CHESSTESTINGBABY.csproj", "{49A901EE-BF0C-4701-9CCF-0A548117D27B}"
EndProject
Global
	GlobalSection(SolutionConfigurationPlatforms) = preSolution
		Debug|Any CPU = Debug|Any CPU
		Release|Any CPU = Release|Any CPU
	EndGlobalSection
	GlobalSection(ProjectConfigurationPlatforms) = postSolution
		{49A901EE-BF0C-4701-9CCF-0A548117D27B}.Debug|Any CPU.ActiveCfg = Debug|Any CPU
		{49A901EE-BF0C-4701-9CCF-0A548117D27B}.Debug|Any CPU.Build.0 = Debug|Any CPU
		{49A901EE-BF0C-4701-9CCF-0A548117D27B}.Release|Any CPU.ActiveCfg = Release|Any CPU
		{49A901EE-BF0C-4701-9CCF-0A548117D27B}.Release|Any CPU.Build.0 = Release|Any CPU
	EndGlobalSection
	GlobalSection(SolutionProperties) = preSolution
		HideSolutionNode = FALSE
	EndGlobalSection
	GlobalSection(ExtensibilityGlobals) = postSolution
		SolutionGuid = {9E51630F-B987-462E-88B9-BC62284D15C1}
	EndGlobalSection
EndGlobal
