
Microsoft Visual Studio Solution File, Format Version 12.00
# Visual Studio 15
VisualStudioVersion = 15.0.28307.421
MinimumVisualStudioVersion = 10.0.40219.1
Project("{FAE04EC0-301F-11D3-BF4B-00C04F79EFBC}") = "AddButApp.Android", "AddButApp\AddButApp.Android\AddButApp.Android.csproj", "{2E88A0BA-73AF-4269-9369-3461AC722191}"
EndProject
Project("{FAE04EC0-301F-11D3-BF4B-00C04F79EFBC}") = "AddButApp.iOS", "AddButApp\AddButApp.iOS\AddButApp.iOS.csproj", "{A3A8F82B-E18B-4829-B6C0-3174C61001C7}"
EndProject
Project("{FAE04EC0-301F-11D3-BF4B-00C04F79EFBC}") = "AddButApp.UWP", "AddButApp\AddButApp.UWP\AddButApp.UWP.csproj", "{B101294E-4C0F-4CBF-92E8-BDFE2A7D2954}"
EndProject
Project("{FAE04EC0-301F-11D3-BF4B-00C04F79EFBC}") = "AddButApp", "AddButApp\AddButApp\AddButApp.csproj", "{90E03CCF-245C-4F5B-8E80-6C706ADEBE86}"
EndProject
Global
	GlobalSection(SolutionConfigurationPlatforms) = preSolution
		Ad-Hoc|Any CPU = Ad-Hoc|Any CPU
		Ad-Hoc|ARM = Ad-Hoc|ARM
		Ad-Hoc|iPhone = Ad-Hoc|iPhone
		Ad-Hoc|iPhoneSimulator = Ad-Hoc|iPhoneSimulator
		Ad-Hoc|x64 = Ad-Hoc|x64
		Ad-Hoc|x86 = Ad-Hoc|x86
		AppStore|Any CPU = AppStore|Any CPU
		AppStore|ARM = AppStore|ARM
		AppStore|iPhone = AppStore|iPhone
		AppStore|iPhoneSimulator = AppStore|iPhoneSimulator
		AppStore|x64 = AppStore|x64
		AppStore|x86 = AppStore|x86
		Debug|Any CPU = Debug|Any CPU
		Debug|ARM = Debug|ARM
		Debug|iPhone = Debug|iPhone
		Debug|iPhoneSimulator = Debug|iPhoneSimulator
		Debug|x64 = Debug|x64
		Debug|x86 = Debug|x86
		Release|Any CPU = Release|Any CPU
		Release|ARM = Release|ARM
		Release|iPhone = Release|iPhone
		Release|iPhoneSimulator = Release|iPhoneSimulator
		Release|x64 = Release|x64
		Release|x86 = Release|x86
	EndGlobalSection
	GlobalSection(ProjectConfigurationPlatforms) = postSolution
		{2E88A0BA-73AF-4269-9369-3461AC722191}.Ad-Hoc|Any CPU.ActiveCfg = Release|Any CPU
		{2E88A0BA-73AF-4269-9369-3461AC722191}.Ad-Hoc|Any CPU.Build.0 = Release|Any CPU
		{2E88A0BA-73AF-4269-9369-3461AC722191}.Ad-Hoc|Any CPU.Deploy.0 = Release|Any CPU
		{2E88A0BA-73AF-4269-9369-3461AC722191}.Ad-Hoc|ARM.ActiveCfg = Release|Any CPU
		{2E88A0BA-73AF-4269-9369-3461AC722191}.Ad-Hoc|ARM.Build.0 = Release|Any CPU
		{2E88A0BA-73AF-4269-9369-3461AC722191}.Ad-Hoc|ARM.Deploy.0 = Release|Any CPU
		{2E88A0BA-73AF-4269-9369-3461AC722191}.Ad-Hoc|iPhone.ActiveCfg = Release|Any CPU
		{2E88A0BA-73AF-4269-9369-3461AC722191}.Ad-Hoc|iPhone.Build.0 = Release|Any CPU
		{2E88A0BA-73AF-4269-9369-3461AC722191}.Ad-Hoc|iPhone.Deploy.0 = Release|Any CPU
		{2E88A0BA-73AF-4269-9369-3461AC722191}.Ad-Hoc|iPhoneSimulator.ActiveCfg = Release|Any CPU
		{2E88A0BA-73AF-4269-9369-3461AC722191}.Ad-Hoc|iPhoneSimulator.Build.0 = Release|Any CPU
		{2E88A0BA-73AF-4269-9369-3461AC722191}.Ad-Hoc|iPhoneSimulator.Deploy.0 = Release|Any CPU
		{2E88A0BA-73AF-4269-9369-3461AC722191}.Ad-Hoc|x64.ActiveCfg = Release|Any CPU
		{2E88A0BA-73AF-4269-9369-3461AC722191}.Ad-Hoc|x64.Build.0 = Release|Any CPU
		{2E88A0BA-73AF-4269-9369-3461AC722191}.Ad-Hoc|x64.Deploy.0 = Release|Any CPU
		{2E88A0BA-73AF-4269-9369-3461AC722191}.Ad-Hoc|x86.ActiveCfg = Release|Any CPU
		{2E88A0BA-73AF-4269-9369-3461AC722191}.Ad-Hoc|x86.Build.0 = Release|Any CPU
		{2E88A0BA-73AF-4269-9369-3461AC722191}.Ad-Hoc|x86.Deploy.0 = Release|Any CPU
		{2E88A0BA-73AF-4269-9369-3461AC722191}.AppStore|Any CPU.ActiveCfg = Release|Any CPU
		{2E88A0BA-73AF-4269-9369-3461AC722191}.AppStore|Any CPU.Build.0 = Release|Any CPU
		{2E88A0BA-73AF-4269-9369-3461AC722191}.AppStore|Any CPU.Deploy.0 = Release|Any CPU
		{2E88A0BA-73AF-4269-9369-3461AC722191}.AppStore|ARM.ActiveCfg = Release|Any CPU
		{2E88A0BA-73AF-4269-9369-3461AC722191}.AppStore|ARM.Build.0 = Release|Any CPU
		{2E88A0BA-73AF-4269-9369-3461AC722191}.AppStore|ARM.Deploy.0 = Release|Any CPU
		{2E88A0BA-73AF-4269-9369-3461AC722191}.AppStore|iPhone.ActiveCfg = Release|Any CPU
		{2E88A0BA-73AF-4269-9369-3461AC722191}.AppStore|iPhone.Build.0 = Release|Any CPU
		{2E88A0BA-73AF-4269-9369-3461AC722191}.AppStore|iPhone.Deploy.0 = Release|Any CPU
		{2E88A0BA-73AF-4269-9369-3461AC722191}.AppStore|iPhoneSimulator.ActiveCfg = Release|Any CPU
		{2E88A0BA-73AF-4269-9369-3461AC722191}.AppStore|iPhoneSimulator.Build.0 = Release|Any CPU
		{2E88A0BA-73AF-4269-9369-3461AC722191}.AppStore|iPhoneSimulator.Deploy.0 = Release|Any CPU
		{2E88A0BA-73AF-4269-9369-3461AC722191}.AppStore|x64.ActiveCfg = Release|Any CPU
		{2E88A0BA-73AF-4269-9369-3461AC722191}.AppStore|x64.Build.0 = Release|Any CPU
		{2E88A0BA-73AF-4269-9369-3461AC722191}.AppStore|x64.Deploy.0 = Release|Any CPU
		{2E88A0BA-73AF-4269-9369-3461AC722191}.AppStore|x86.ActiveCfg = Release|Any CPU
		{2E88A0BA-73AF-4269-9369-3461AC722191}.AppStore|x86.Build.0 = Release|Any CPU
		{2E88A0BA-73AF-4269-9369-3461AC722191}.AppStore|x86.Deploy.0 = Release|Any CPU
		{2E88A0BA-73AF-4269-9369-3461AC722191}.Debug|Any CPU.ActiveCfg = Debug|Any CPU
		{2E88A0BA-73AF-4269-9369-3461AC722191}.Debug|Any CPU.Build.0 = Debug|Any CPU
		{2E88A0BA-73AF-4269-9369-3461AC722191}.Debug|Any CPU.Deploy.0 = Debug|Any CPU
		{2E88A0BA-73AF-4269-9369-3461AC722191}.Debug|ARM.ActiveCfg = Debug|Any CPU
		{2E88A0BA-73AF-4269-9369-3461AC722191}.Debug|ARM.Build.0 = Debug|Any CPU
		{2E88A0BA-73AF-4269-9369-3461AC722191}.Debug|ARM.Deploy.0 = Debug|Any CPU
		{2E88A0BA-73AF-4269-9369-3461AC722191}.Debug|iPhone.ActiveCfg = Debug|Any CPU
		{2E88A0BA-73AF-4269-9369-3461AC722191}.Debug|iPhone.Build.0 = Debug|Any CPU
		{2E88A0BA-73AF-4269-9369-3461AC722191}.Debug|iPhone.Deploy.0 = Debug|Any CPU
		{2E88A0BA-73AF-4269-9369-3461AC722191}.Debug|iPhoneSimulator.ActiveCfg = Debug|Any CPU
		{2E88A0BA-73AF-4269-9369-3461AC722191}.Debug|iPhoneSimulator.Build.0 = Debug|Any CPU
		{2E88A0BA-73AF-4269-9369-3461AC722191}.Debug|iPhoneSimulator.Deploy.0 = Debug|Any CPU
		{2E88A0BA-73AF-4269-9369-3461AC722191}.Debug|x64.ActiveCfg = Debug|Any CPU
		{2E88A0BA-73AF-4269-9369-3461AC722191}.Debug|x64.Build.0 = Debug|Any CPU
		{2E88A0BA-73AF-4269-9369-3461AC722191}.Debug|x64.Deploy.0 = Debug|Any CPU
		{2E88A0BA-73AF-4269-9369-3461AC722191}.Debug|x86.ActiveCfg = Debug|Any CPU
		{2E88A0BA-73AF-4269-9369-3461AC722191}.Debug|x86.Build.0 = Debug|Any CPU
		{2E88A0BA-73AF-4269-9369-3461AC722191}.Debug|x86.Deploy.0 = Debug|Any CPU
		{2E88A0BA-73AF-4269-9369-3461AC722191}.Release|Any CPU.ActiveCfg = Release|Any CPU
		{2E88A0BA-73AF-4269-9369-3461AC722191}.Release|Any CPU.Build.0 = Release|Any CPU
		{2E88A0BA-73AF-4269-9369-3461AC722191}.Release|Any CPU.Deploy.0 = Release|Any CPU
		{2E88A0BA-73AF-4269-9369-3461AC722191}.Release|ARM.ActiveCfg = Release|Any CPU
		{2E88A0BA-73AF-4269-9369-3461AC722191}.Release|ARM.Build.0 = Release|Any CPU
		{2E88A0BA-73AF-4269-9369-3461AC722191}.Release|ARM.Deploy.0 = Release|Any CPU
		{2E88A0BA-73AF-4269-9369-3461AC722191}.Release|iPhone.ActiveCfg = Release|Any CPU
		{2E88A0BA-73AF-4269-9369-3461AC722191}.Release|iPhone.Build.0 = Release|Any CPU
		{2E88A0BA-73AF-4269-9369-3461AC722191}.Release|iPhone.Deploy.0 = Release|Any CPU
		{2E88A0BA-73AF-4269-9369-3461AC722191}.Release|iPhoneSimulator.ActiveCfg = Release|Any CPU
		{2E88A0BA-73AF-4269-9369-3461AC722191}.Release|iPhoneSimulator.Build.0 = Release|Any CPU
		{2E88A0BA-73AF-4269-9369-3461AC722191}.Release|iPhoneSimulator.Deploy.0 = Release|Any CPU
		{2E88A0BA-73AF-4269-9369-3461AC722191}.Release|x64.ActiveCfg = Release|Any CPU
		{2E88A0BA-73AF-4269-9369-3461AC722191}.Release|x64.Build.0 = Release|Any CPU
		{2E88A0BA-73AF-4269-9369-3461AC722191}.Release|x64.Deploy.0 = Release|Any CPU
		{2E88A0BA-73AF-4269-9369-3461AC722191}.Release|x86.ActiveCfg = Release|Any CPU
		{2E88A0BA-73AF-4269-9369-3461AC722191}.Release|x86.Build.0 = Release|Any CPU
		{2E88A0BA-73AF-4269-9369-3461AC722191}.Release|x86.Deploy.0 = Release|Any CPU
		{A3A8F82B-E18B-4829-B6C0-3174C61001C7}.Ad-Hoc|Any CPU.ActiveCfg = Ad-Hoc|iPhone
		{A3A8F82B-E18B-4829-B6C0-3174C61001C7}.Ad-Hoc|Any CPU.Build.0 = Ad-Hoc|iPhone
		{A3A8F82B-E18B-4829-B6C0-3174C61001C7}.Ad-Hoc|Any CPU.Deploy.0 = Ad-Hoc|iPhone
		{A3A8F82B-E18B-4829-B6C0-3174C61001C7}.Ad-Hoc|ARM.ActiveCfg = Ad-Hoc|iPhone
		{A3A8F82B-E18B-4829-B6C0-3174C61001C7}.Ad-Hoc|ARM.Build.0 = Ad-Hoc|iPhone
		{A3A8F82B-E18B-4829-B6C0-3174C61001C7}.Ad-Hoc|ARM.Deploy.0 = Ad-Hoc|iPhone
		{A3A8F82B-E18B-4829-B6C0-3174C61001C7}.Ad-Hoc|iPhone.ActiveCfg = Ad-Hoc|iPhone
		{A3A8F82B-E18B-4829-B6C0-3174C61001C7}.Ad-Hoc|iPhone.Build.0 = Ad-Hoc|iPhone
		{A3A8F82B-E18B-4829-B6C0-3174C61001C7}.Ad-Hoc|iPhone.Deploy.0 = Ad-Hoc|iPhone
		{A3A8F82B-E18B-4829-B6C0-3174C61001C7}.Ad-Hoc|iPhoneSimulator.ActiveCfg = Ad-Hoc|iPhoneSimulator
		{A3A8F82B-E18B-4829-B6C0-3174C61001C7}.Ad-Hoc|iPhoneSimulator.Build.0 = Ad-Hoc|iPhoneSimulator
		{A3A8F82B-E18B-4829-B6C0-3174C61001C7}.Ad-Hoc|iPhoneSimulator.Deploy.0 = Ad-Hoc|iPhoneSimulator
		{A3A8F82B-E18B-4829-B6C0-3174C61001C7}.Ad-Hoc|x64.ActiveCfg = Ad-Hoc|iPhone
		{A3A8F82B-E18B-4829-B6C0-3174C61001C7}.Ad-Hoc|x64.Build.0 = Ad-Hoc|iPhone
		{A3A8F82B-E18B-4829-B6C0-3174C61001C7}.Ad-Hoc|x64.Deploy.0 = Ad-Hoc|iPhone
		{A3A8F82B-E18B-4829-B6C0-3174C61001C7}.Ad-Hoc|x86.ActiveCfg = Ad-Hoc|iPhone
		{A3A8F82B-E18B-4829-B6C0-3174C61001C7}.Ad-Hoc|x86.Build.0 = Ad-Hoc|iPhone
		{A3A8F82B-E18B-4829-B6C0-3174C61001C7}.Ad-Hoc|x86.Deploy.0 = Ad-Hoc|iPhone
		{A3A8F82B-E18B-4829-B6C0-3174C61001C7}.AppStore|Any CPU.ActiveCfg = AppStore|iPhone
		{A3A8F82B-E18B-4829-B6C0-3174C61001C7}.AppStore|Any CPU.Build.0 = AppStore|iPhone
		{A3A8F82B-E18B-4829-B6C0-3174C61001C7}.AppStore|Any CPU.Deploy.0 = AppStore|iPhone
		{A3A8F82B-E18B-4829-B6C0-3174C61001C7}.AppStore|ARM.ActiveCfg = AppStore|iPhone
		{A3A8F82B-E18B-4829-B6C0-3174C61001C7}.AppStore|ARM.Build.0 = AppStore|iPhone
		{A3A8F82B-E18B-4829-B6C0-3174C61001C7}.AppStore|ARM.Deploy.0 = AppStore|iPhone
		{A3A8F82B-E18B-4829-B6C0-3174C61001C7}.AppStore|iPhone.ActiveCfg = AppStore|iPhone
		{A3A8F82B-E18B-4829-B6C0-3174C61001C7}.AppStore|iPhone.Build.0 = AppStore|iPhone
		{A3A8F82B-E18B-4829-B6C0-3174C61001C7}.AppStore|iPhone.Deploy.0 = AppStore|iPhone
		{A3A8F82B-E18B-4829-B6C0-3174C61001C7}.AppStore|iPhoneSimulator.ActiveCfg = AppStore|iPhoneSimulator
		{A3A8F82B-E18B-4829-B6C0-3174C61001C7}.AppStore|iPhoneSimulator.Build.0 = AppStore|iPhoneSimulator
		{A3A8F82B-E18B-4829-B6C0-3174C61001C7}.AppStore|iPhoneSimulator.Deploy.0 = AppStore|iPhoneSimulator
		{A3A8F82B-E18B-4829-B6C0-3174C61001C7}.AppStore|x64.ActiveCfg = AppStore|iPhone
		{A3A8F82B-E18B-4829-B6C0-3174C61001C7}.AppStore|x64.Build.0 = AppStore|iPhone
		{A3A8F82B-E18B-4829-B6C0-3174C61001C7}.AppStore|x64.Deploy.0 = AppStore|iPhone
		{A3A8F82B-E18B-4829-B6C0-3174C61001C7}.AppStore|x86.ActiveCfg = AppStore|iPhone
		{A3A8F82B-E18B-4829-B6C0-3174C61001C7}.AppStore|x86.Build.0 = AppStore|iPhone
		{A3A8F82B-E18B-4829-B6C0-3174C61001C7}.AppStore|x86.Deploy.0 = AppStore|iPhone
		{A3A8F82B-E18B-4829-B6C0-3174C61001C7}.Debug|Any CPU.ActiveCfg = Debug|iPhoneSimulator
		{A3A8F82B-E18B-4829-B6C0-3174C61001C7}.Debug|Any CPU.Build.0 = Debug|iPhoneSimulator
		{A3A8F82B-E18B-4829-B6C0-3174C61001C7}.Debug|Any CPU.Deploy.0 = Debug|iPhoneSimulator
		{A3A8F82B-E18B-4829-B6C0-3174C61001C7}.Debug|ARM.ActiveCfg = Debug|iPhone
		{A3A8F82B-E18B-4829-B6C0-3174C61001C7}.Debug|ARM.Build.0 = Debug|iPhone
		{A3A8F82B-E18B-4829-B6C0-3174C61001C7}.Debug|ARM.Deploy.0 = Debug|iPhone
		{A3A8F82B-E18B-4829-B6C0-3174C61001C7}.Debug|iPhone.ActiveCfg = Debug|iPhone
		{A3A8F82B-E18B-4829-B6C0-3174C61001C7}.Debug|iPhone.Build.0 = Debug|iPhone
		{A3A8F82B-E18B-4829-B6C0-3174C61001C7}.Debug|iPhone.Deploy.0 = Debug|iPhone
		{A3A8F82B-E18B-4829-B6C0-3174C61001C7}.Debug|iPhoneSimulator.ActiveCfg = Debug|iPhoneSimulator
		{A3A8F82B-E18B-4829-B6C0-3174C61001C7}.Debug|iPhoneSimulator.Build.0 = Debug|iPhoneSimulator
		{A3A8F82B-E18B-4829-B6C0-3174C61001C7}.Debug|iPhoneSimulator.Deploy.0 = Debug|iPhoneSimulator
		{A3A8F82B-E18B-4829-B6C0-3174C61001C7}.Debug|x64.ActiveCfg = Debug|iPhone
		{A3A8F82B-E18B-4829-B6C0-3174C61001C7}.Debug|x64.Build.0 = Debug|iPhone
		{A3A8F82B-E18B-4829-B6C0-3174C61001C7}.Debug|x64.Deploy.0 = Debug|iPhone
		{A3A8F82B-E18B-4829-B6C0-3174C61001C7}.Debug|x86.ActiveCfg = Debug|iPhone
		{A3A8F82B-E18B-4829-B6C0-3174C61001C7}.Debug|x86.Build.0 = Debug|iPhone
		{A3A8F82B-E18B-4829-B6C0-3174C61001C7}.Debug|x86.Deploy.0 = Debug|iPhone
		{A3A8F82B-E18B-4829-B6C0-3174C61001C7}.Release|Any CPU.ActiveCfg = Release|iPhone
		{A3A8F82B-E18B-4829-B6C0-3174C61001C7}.Release|Any CPU.Build.0 = Release|iPhone
		{A3A8F82B-E18B-4829-B6C0-3174C61001C7}.Release|Any CPU.Deploy.0 = Release|iPhone
		{A3A8F82B-E18B-4829-B6C0-3174C61001C7}.Release|ARM.ActiveCfg = Release|iPhone
		{A3A8F82B-E18B-4829-B6C0-3174C61001C7}.Release|ARM.Build.0 = Release|iPhone
		{A3A8F82B-E18B-4829-B6C0-3174C61001C7}.Release|ARM.Deploy.0 = Release|iPhone
		{A3A8F82B-E18B-4829-B6C0-3174C61001C7}.Release|iPhone.ActiveCfg = Release|iPhone
		{A3A8F82B-E18B-4829-B6C0-3174C61001C7}.Release|iPhone.Build.0 = Release|iPhone
		{A3A8F82B-E18B-4829-B6C0-3174C61001C7}.Release|iPhone.Deploy.0 = Release|iPhone
		{A3A8F82B-E18B-4829-B6C0-3174C61001C7}.Release|iPhoneSimulator.ActiveCfg = Release|iPhoneSimulator
		{A3A8F82B-E18B-4829-B6C0-3174C61001C7}.Release|iPhoneSimulator.Build.0 = Release|iPhoneSimulator
		{A3A8F82B-E18B-4829-B6C0-3174C61001C7}.Release|iPhoneSimulator.Deploy.0 = Release|iPhoneSimulator
		{A3A8F82B-E18B-4829-B6C0-3174C61001C7}.Release|x64.ActiveCfg = Release|iPhone
		{A3A8F82B-E18B-4829-B6C0-3174C61001C7}.Release|x64.Build.0 = Release|iPhone
		{A3A8F82B-E18B-4829-B6C0-3174C61001C7}.Release|x64.Deploy.0 = Release|iPhone
		{A3A8F82B-E18B-4829-B6C0-3174C61001C7}.Release|x86.ActiveCfg = Release|iPhone
		{A3A8F82B-E18B-4829-B6C0-3174C61001C7}.Release|x86.Build.0 = Release|iPhone
		{A3A8F82B-E18B-4829-B6C0-3174C61001C7}.Release|x86.Deploy.0 = Release|iPhone
		{B101294E-4C0F-4CBF-92E8-BDFE2A7D2954}.Ad-Hoc|Any CPU.ActiveCfg = Release|x86
		{B101294E-4C0F-4CBF-92E8-BDFE2A7D2954}.Ad-Hoc|Any CPU.Build.0 = Release|x86
		{B101294E-4C0F-4CBF-92E8-BDFE2A7D2954}.Ad-Hoc|Any CPU.Deploy.0 = Release|x86
		{B101294E-4C0F-4CBF-92E8-BDFE2A7D2954}.Ad-Hoc|ARM.ActiveCfg = Release|ARM
		{B101294E-4C0F-4CBF-92E8-BDFE2A7D2954}.Ad-Hoc|ARM.Build.0 = Release|ARM
		{B101294E-4C0F-4CBF-92E8-BDFE2A7D2954}.Ad-Hoc|ARM.Deploy.0 = Release|ARM
		{B101294E-4C0F-4CBF-92E8-BDFE2A7D2954}.Ad-Hoc|iPhone.ActiveCfg = Release|x86
		{B101294E-4C0F-4CBF-92E8-BDFE2A7D2954}.Ad-Hoc|iPhone.Build.0 = Release|x86
		{B101294E-4C0F-4CBF-92E8-BDFE2A7D2954}.Ad-Hoc|iPhone.Deploy.0 = Release|x86
		{B101294E-4C0F-4CBF-92E8-BDFE2A7D2954}.Ad-Hoc|iPhoneSimulator.ActiveCfg = Release|x86
		{B101294E-4C0F-4CBF-92E8-BDFE2A7D2954}.Ad-Hoc|iPhoneSimulator.Build.0 = Release|x86
		{B101294E-4C0F-4CBF-92E8-BDFE2A7D2954}.Ad-Hoc|iPhoneSimulator.Deploy.0 = Release|x86
		{B101294E-4C0F-4CBF-92E8-BDFE2A7D2954}.Ad-Hoc|x64.ActiveCfg = Release|x64
		{B101294E-4C0F-4CBF-92E8-BDFE2A7D2954}.Ad-Hoc|x64.Build.0 = Release|x64
		{B101294E-4C0F-4CBF-92E8-BDFE2A7D2954}.Ad-Hoc|x64.Deploy.0 = Release|x64
		{B101294E-4C0F-4CBF-92E8-BDFE2A7D2954}.Ad-Hoc|x86.ActiveCfg = Release|x86
		{B101294E-4C0F-4CBF-92E8-BDFE2A7D2954}.Ad-Hoc|x86.Build.0 = Release|x86
		{B101294E-4C0F-4CBF-92E8-BDFE2A7D2954}.Ad-Hoc|x86.Deploy.0 = Release|x86
		{B101294E-4C0F-4CBF-92E8-BDFE2A7D2954}.AppStore|Any CPU.ActiveCfg = Release|x86
		{B101294E-4C0F-4CBF-92E8-BDFE2A7D2954}.AppStore|Any CPU.Build.0 = Release|x86
		{B101294E-4C0F-4CBF-92E8-BDFE2A7D2954}.AppStore|Any CPU.Deploy.0 = Release|x86
		{B101294E-4C0F-4CBF-92E8-BDFE2A7D2954}.AppStore|ARM.ActiveCfg = Release|ARM
		{B101294E-4C0F-4CBF-92E8-BDFE2A7D2954}.AppStore|ARM.Build.0 = Release|ARM
		{B101294E-4C0F-4CBF-92E8-BDFE2A7D2954}.AppStore|ARM.Deploy.0 = Release|ARM
		{B101294E-4C0F-4CBF-92E8-BDFE2A7D2954}.AppStore|iPhone.ActiveCfg = Release|x86
		{B101294E-4C0F-4CBF-92E8-BDFE2A7D2954}.AppStore|iPhone.Build.0 = Release|x86
		{B101294E-4C0F-4CBF-92E8-BDFE2A7D2954}.AppStore|iPhone.Deploy.0 = Release|x86
		{B101294E-4C0F-4CBF-92E8-BDFE2A7D2954}.AppStore|iPhoneSimulator.ActiveCfg = Release|x86
		{B101294E-4C0F-4CBF-92E8-BDFE2A7D2954}.AppStore|iPhoneSimulator.Build.0 = Release|x86
		{B101294E-4C0F-4CBF-92E8-BDFE2A7D2954}.AppStore|iPhoneSimulator.Deploy.0 = Release|x86
		{B101294E-4C0F-4CBF-92E8-BDFE2A7D2954}.AppStore|x64.ActiveCfg = Release|x64
		{B101294E-4C0F-4CBF-92E8-BDFE2A7D2954}.AppStore|x64.Build.0 = Release|x64
		{B101294E-4C0F-4CBF-92E8-BDFE2A7D2954}.AppStore|x64.Deploy.0 = Release|x64
		{B101294E-4C0F-4CBF-92E8-BDFE2A7D2954}.AppStore|x86.ActiveCfg = Release|x86
		{B101294E-4C0F-4CBF-92E8-BDFE2A7D2954}.AppStore|x86.Build.0 = Release|x86
		{B101294E-4C0F-4CBF-92E8-BDFE2A7D2954}.AppStore|x86.Deploy.0 = Release|x86
		{B101294E-4C0F-4CBF-92E8-BDFE2A7D2954}.Debug|Any CPU.ActiveCfg = Debug|x86
		{B101294E-4C0F-4CBF-92E8-BDFE2A7D2954}.Debug|Any CPU.Build.0 = Debug|x86
		{B101294E-4C0F-4CBF-92E8-BDFE2A7D2954}.Debug|Any CPU.Deploy.0 = Debug|x86
		{B101294E-4C0F-4CBF-92E8-BDFE2A7D2954}.Debug|ARM.ActiveCfg = Debug|ARM
		{B101294E-4C0F-4CBF-92E8-BDFE2A7D2954}.Debug|ARM.Build.0 = Debug|ARM
		{B101294E-4C0F-4CBF-92E8-BDFE2A7D2954}.Debug|ARM.Deploy.0 = Debug|ARM
		{B101294E-4C0F-4CBF-92E8-BDFE2A7D2954}.Debug|iPhone.ActiveCfg = Debug|x86
		{B101294E-4C0F-4CBF-92E8-BDFE2A7D2954}.Debug|iPhone.Build.0 = Debug|x86
		{B101294E-4C0F-4CBF-92E8-BDFE2A7D2954}.Debug|iPhone.Deploy.0 = Debug|x86
		{B101294E-4C0F-4CBF-92E8-BDFE2A7D2954}.Debug|iPhoneSimulator.ActiveCfg = Debug|x86
		{B101294E-4C0F-4CBF-92E8-BDFE2A7D2954}.Debug|iPhoneSimulator.Build.0 = Debug|x86
		{B101294E-4C0F-4CBF-92E8-BDFE2A7D2954}.Debug|iPhoneSimulator.Deploy.0 = Debug|x86
		{B101294E-4C0F-4CBF-92E8-BDFE2A7D2954}.Debug|x64.ActiveCfg = Debug|x64
		{B101294E-4C0F-4CBF-92E8-BDFE2A7D2954}.Debug|x64.Build.0 = Debug|x64
		{B101294E-4C0F-4CBF-92E8-BDFE2A7D2954}.Debug|x64.Deploy.0 = Debug|x64
		{B101294E-4C0F-4CBF-92E8-BDFE2A7D2954}.Debug|x86.ActiveCfg = Debug|x86
		{B101294E-4C0F-4CBF-92E8-BDFE2A7D2954}.Debug|x86.Build.0 = Debug|x86
		{B101294E-4C0F-4CBF-92E8-BDFE2A7D2954}.Debug|x86.Deploy.0 = Debug|x86
		{B101294E-4C0F-4CBF-92E8-BDFE2A7D2954}.Release|Any CPU.ActiveCfg = Release|x86
		{B101294E-4C0F-4CBF-92E8-BDFE2A7D2954}.Release|Any CPU.Build.0 = Release|x86
		{B101294E-4C0F-4CBF-92E8-BDFE2A7D2954}.Release|Any CPU.Deploy.0 = Release|x86
		{B101294E-4C0F-4CBF-92E8-BDFE2A7D2954}.Release|ARM.ActiveCfg = Release|ARM
		{B101294E-4C0F-4CBF-92E8-BDFE2A7D2954}.Release|ARM.Build.0 = Release|ARM
		{B101294E-4C0F-4CBF-92E8-BDFE2A7D2954}.Release|ARM.Deploy.0 = Release|ARM
		{B101294E-4C0F-4CBF-92E8-BDFE2A7D2954}.Release|iPhone.ActiveCfg = Release|x86
		{B101294E-4C0F-4CBF-92E8-BDFE2A7D2954}.Release|iPhone.Build.0 = Release|x86
		{B101294E-4C0F-4CBF-92E8-BDFE2A7D2954}.Release|iPhone.Deploy.0 = Release|x86
		{B101294E-4C0F-4CBF-92E8-BDFE2A7D2954}.Release|iPhoneSimulator.ActiveCfg = Release|x86
		{B101294E-4C0F-4CBF-92E8-BDFE2A7D2954}.Release|iPhoneSimulator.Build.0 = Release|x86
		{B101294E-4C0F-4CBF-92E8-BDFE2A7D2954}.Release|iPhoneSimulator.Deploy.0 = Release|x86
		{B101294E-4C0F-4CBF-92E8-BDFE2A7D2954}.Release|x64.ActiveCfg = Release|x64
		{B101294E-4C0F-4CBF-92E8-BDFE2A7D2954}.Release|x64.Build.0 = Release|x64
		{B101294E-4C0F-4CBF-92E8-BDFE2A7D2954}.Release|x64.Deploy.0 = Release|x64
		{B101294E-4C0F-4CBF-92E8-BDFE2A7D2954}.Release|x86.ActiveCfg = Release|x86
		{B101294E-4C0F-4CBF-92E8-BDFE2A7D2954}.Release|x86.Build.0 = Release|x86
		{B101294E-4C0F-4CBF-92E8-BDFE2A7D2954}.Release|x86.Deploy.0 = Release|x86
		{90E03CCF-245C-4F5B-8E80-6C706ADEBE86}.Ad-Hoc|Any CPU.ActiveCfg = Debug|Any CPU
		{90E03CCF-245C-4F5B-8E80-6C706ADEBE86}.Ad-Hoc|Any CPU.Build.0 = Debug|Any CPU
		{90E03CCF-245C-4F5B-8E80-6C706ADEBE86}.Ad-Hoc|Any CPU.Deploy.0 = Debug|Any CPU
		{90E03CCF-245C-4F5B-8E80-6C706ADEBE86}.Ad-Hoc|ARM.ActiveCfg = Debug|Any CPU
		{90E03CCF-245C-4F5B-8E80-6C706ADEBE86}.Ad-Hoc|ARM.Build.0 = Debug|Any CPU
		{90E03CCF-245C-4F5B-8E80-6C706ADEBE86}.Ad-Hoc|ARM.Deploy.0 = Debug|Any CPU
		{90E03CCF-245C-4F5B-8E80-6C706ADEBE86}.Ad-Hoc|iPhone.ActiveCfg = Debug|Any CPU
		{90E03CCF-245C-4F5B-8E80-6C706ADEBE86}.Ad-Hoc|iPhone.Build.0 = Debug|Any CPU
		{90E03CCF-245C-4F5B-8E80-6C706ADEBE86}.Ad-Hoc|iPhone.Deploy.0 = Debug|Any CPU
		{90E03CCF-245C-4F5B-8E80-6C706ADEBE86}.Ad-Hoc|iPhoneSimulator.ActiveCfg = Debug|Any CPU
		{90E03CCF-245C-4F5B-8E80-6C706ADEBE86}.Ad-Hoc|iPhoneSimulator.Build.0 = Debug|Any CPU
		{90E03CCF-245C-4F5B-8E80-6C706ADEBE86}.Ad-Hoc|iPhoneSimulator.Deploy.0 = Debug|Any CPU
		{90E03CCF-245C-4F5B-8E80-6C706ADEBE86}.Ad-Hoc|x64.ActiveCfg = Debug|Any CPU
		{90E03CCF-245C-4F5B-8E80-6C706ADEBE86}.Ad-Hoc|x64.Build.0 = Debug|Any CPU
		{90E03CCF-245C-4F5B-8E80-6C706ADEBE86}.Ad-Hoc|x64.Deploy.0 = Debug|Any CPU
		{90E03CCF-245C-4F5B-8E80-6C706ADEBE86}.Ad-Hoc|x86.ActiveCfg = Debug|Any CPU
		{90E03CCF-245C-4F5B-8E80-6C706ADEBE86}.Ad-Hoc|x86.Build.0 = Debug|Any CPU
		{90E03CCF-245C-4F5B-8E80-6C706ADEBE86}.Ad-Hoc|x86.Deploy.0 = Debug|Any CPU
		{90E03CCF-245C-4F5B-8E80-6C706ADEBE86}.AppStore|Any CPU.ActiveCfg = Debug|Any CPU
		{90E03CCF-245C-4F5B-8E80-6C706ADEBE86}.AppStore|Any CPU.Build.0 = Debug|Any CPU
		{90E03CCF-245C-4F5B-8E80-6C706ADEBE86}.AppStore|Any CPU.Deploy.0 = Debug|Any CPU
		{90E03CCF-245C-4F5B-8E80-6C706ADEBE86}.AppStore|ARM.ActiveCfg = Debug|Any CPU
		{90E03CCF-245C-4F5B-8E80-6C706ADEBE86}.AppStore|ARM.Build.0 = Debug|Any CPU
		{90E03CCF-245C-4F5B-8E80-6C706ADEBE86}.AppStore|ARM.Deploy.0 = Debug|Any CPU
		{90E03CCF-245C-4F5B-8E80-6C706ADEBE86}.AppStore|iPhone.ActiveCfg = Debug|Any CPU
		{90E03CCF-245C-4F5B-8E80-6C706ADEBE86}.AppStore|iPhone.Build.0 = Debug|Any CPU
		{90E03CCF-245C-4F5B-8E80-6C706ADEBE86}.AppStore|iPhone.Deploy.0 = Debug|Any CPU
		{90E03CCF-245C-4F5B-8E80-6C706ADEBE86}.AppStore|iPhoneSimulator.ActiveCfg = Debug|Any CPU
		{90E03CCF-245C-4F5B-8E80-6C706ADEBE86}.AppStore|iPhoneSimulator.Build.0 = Debug|Any CPU
		{90E03CCF-245C-4F5B-8E80-6C706ADEBE86}.AppStore|iPhoneSimulator.Deploy.0 = Debug|Any CPU
		{90E03CCF-245C-4F5B-8E80-6C706ADEBE86}.AppStore|x64.ActiveCfg = Debug|Any CPU
		{90E03CCF-245C-4F5B-8E80-6C706ADEBE86}.AppStore|x64.Build.0 = Debug|Any CPU
		{90E03CCF-245C-4F5B-8E80-6C706ADEBE86}.AppStore|x64.Deploy.0 = Debug|Any CPU
		{90E03CCF-245C-4F5B-8E80-6C706ADEBE86}.AppStore|x86.ActiveCfg = Debug|Any CPU
		{90E03CCF-245C-4F5B-8E80-6C706ADEBE86}.AppStore|x86.Build.0 = Debug|Any CPU
		{90E03CCF-245C-4F5B-8E80-6C706ADEBE86}.AppStore|x86.Deploy.0 = Debug|Any CPU
		{90E03CCF-245C-4F5B-8E80-6C706ADEBE86}.Debug|Any CPU.ActiveCfg = Debug|Any CPU
		{90E03CCF-245C-4F5B-8E80-6C706ADEBE86}.Debug|Any CPU.Build.0 = Debug|Any CPU
		{90E03CCF-245C-4F5B-8E80-6C706ADEBE86}.Debug|Any CPU.Deploy.0 = Debug|Any CPU
		{90E03CCF-245C-4F5B-8E80-6C706ADEBE86}.Debug|ARM.ActiveCfg = Debug|Any CPU
		{90E03CCF-245C-4F5B-8E80-6C706ADEBE86}.Debug|ARM.Build.0 = Debug|Any CPU
		{90E03CCF-245C-4F5B-8E80-6C706ADEBE86}.Debug|ARM.Deploy.0 = Debug|Any CPU
		{90E03CCF-245C-4F5B-8E80-6C706ADEBE86}.Debug|iPhone.ActiveCfg = Debug|Any CPU
		{90E03CCF-245C-4F5B-8E80-6C706ADEBE86}.Debug|iPhone.Build.0 = Debug|Any CPU
		{90E03CCF-245C-4F5B-8E80-6C706ADEBE86}.Debug|iPhone.Deploy.0 = Debug|Any CPU
		{90E03CCF-245C-4F5B-8E80-6C706ADEBE86}.Debug|iPhoneSimulator.ActiveCfg = Debug|Any CPU
		{90E03CCF-245C-4F5B-8E80-6C706ADEBE86}.Debug|iPhoneSimulator.Build.0 = Debug|Any CPU
		{90E03CCF-245C-4F5B-8E80-6C706ADEBE86}.Debug|iPhoneSimulator.Deploy.0 = Debug|Any CPU
		{90E03CCF-245C-4F5B-8E80-6C706ADEBE86}.Debug|x64.ActiveCfg = Debug|Any CPU
		{90E03CCF-245C-4F5B-8E80-6C706ADEBE86}.Debug|x64.Build.0 = Debug|Any CPU
		{90E03CCF-245C-4F5B-8E80-6C706ADEBE86}.Debug|x64.Deploy.0 = Debug|Any CPU
		{90E03CCF-245C-4F5B-8E80-6C706ADEBE86}.Debug|x86.ActiveCfg = Debug|Any CPU
		{90E03CCF-245C-4F5B-8E80-6C706ADEBE86}.Debug|x86.Build.0 = Debug|Any CPU
		{90E03CCF-245C-4F5B-8E80-6C706ADEBE86}.Debug|x86.Deploy.0 = Debug|Any CPU
		{90E03CCF-245C-4F5B-8E80-6C706ADEBE86}.Release|Any CPU.ActiveCfg = Release|Any CPU
		{90E03CCF-245C-4F5B-8E80-6C706ADEBE86}.Release|Any CPU.Build.0 = Release|Any CPU
		{90E03CCF-245C-4F5B-8E80-6C706ADEBE86}.Release|Any CPU.Deploy.0 = Release|Any CPU
		{90E03CCF-245C-4F5B-8E80-6C706ADEBE86}.Release|ARM.ActiveCfg = Release|Any CPU
		{90E03CCF-245C-4F5B-8E80-6C706ADEBE86}.Release|ARM.Build.0 = Release|Any CPU
		{90E03CCF-245C-4F5B-8E80-6C706ADEBE86}.Release|ARM.Deploy.0 = Release|Any CPU
		{90E03CCF-245C-4F5B-8E80-6C706ADEBE86}.Release|iPhone.ActiveCfg = Release|Any CPU
		{90E03CCF-245C-4F5B-8E80-6C706ADEBE86}.Release|iPhone.Build.0 = Release|Any CPU
		{90E03CCF-245C-4F5B-8E80-6C706ADEBE86}.Release|iPhone.Deploy.0 = Release|Any CPU
		{90E03CCF-245C-4F5B-8E80-6C706ADEBE86}.Release|iPhoneSimulator.ActiveCfg = Release|Any CPU
		{90E03CCF-245C-4F5B-8E80-6C706ADEBE86}.Release|iPhoneSimulator.Build.0 = Release|Any CPU
		{90E03CCF-245C-4F5B-8E80-6C706ADEBE86}.Release|iPhoneSimulator.Deploy.0 = Release|Any CPU
		{90E03CCF-245C-4F5B-8E80-6C706ADEBE86}.Release|x64.ActiveCfg = Release|Any CPU
		{90E03CCF-245C-4F5B-8E80-6C706ADEBE86}.Release|x64.Build.0 = Release|Any CPU
		{90E03CCF-245C-4F5B-8E80-6C706ADEBE86}.Release|x64.Deploy.0 = Release|Any CPU
		{90E03CCF-245C-4F5B-8E80-6C706ADEBE86}.Release|x86.ActiveCfg = Release|Any CPU
		{90E03CCF-245C-4F5B-8E80-6C706ADEBE86}.Release|x86.Build.0 = Release|Any CPU
		{90E03CCF-245C-4F5B-8E80-6C706ADEBE86}.Release|x86.Deploy.0 = Release|Any CPU
	EndGlobalSection
	GlobalSection(SolutionProperties) = preSolution
		HideSolutionNode = FALSE
	EndGlobalSection
	GlobalSection(ExtensibilityGlobals) = postSolution
		SolutionGuid = {0DF26150-2948-412E-B75C-C6291CEE54FB}
	EndGlobalSection
EndGlobal
